
Microsoft Visual Studio Solution File, Format Version 12.00
# Visual Studio Version 17
VisualStudioVersion = 17.11.35312.102
MinimumVisualStudioVersion = 10.0.40219.1
Project("{9A19103F-16F7-4668-BE54-9A1E7A4F7556}") = "SaftOgKraft.WebSite", "SaftOgKraft.WebSite\SaftOgKraft.WebSite.csproj", "{8EADF2BE-C02D-4B90-8D85-2ED3EA0C6644}"
EndProject
Project("{2150E333-8FDC-42A3-9474-1A3956D46DE8}") = "Solution Items", "Solution Items", "{3A081A15-8CCE-46E2-9389-79692B2AC60E}"
	ProjectSection(SolutionItems) = preProject
		.editorconfig = .editorconfig
		.gitignore = .gitignore
		README.md = README.md
	EndProjectSection
EndProject
Project("{9A19103F-16F7-4668-BE54-9A1E7A4F7556}") = "TestingSaftOgKraft", "TestingSaftOgKraft\TestingSaftOgKraft.csproj", "{D6A59DC8-D8F0-4700-8F60-EA580FB398EE}"
EndProject
Project("{9A19103F-16F7-4668-BE54-9A1E7A4F7556}") = "SaftOgKraft.WebApi", "SaftOgKraft.WebApi\SaftOgKraft.WebApi.csproj", "{A8807097-3F0E-4158-8386-570A0D866E22}"
EndProject
Project("{9A19103F-16F7-4668-BE54-9A1E7A4F7556}") = "DAL", "DAL\DAL.csproj", "{79F6AF96-6E00-43C2-BC92-7E894F786E53}"
EndProject
Project("{FAE04EC0-301F-11D3-BF4B-00C04F79EFBC}") = "SaftOgKraft.OrderManager", "SaftOgKraft.OrderManager\SaftOgKraft.OrderManager.csproj", "{26798A6B-FDF9-4D77-BA01-3AB927252887}"
EndProject
Global
	GlobalSection(SolutionConfigurationPlatforms) = preSolution
		Debug|Any CPU = Debug|Any CPU
		Release|Any CPU = Release|Any CPU
	EndGlobalSection
	GlobalSection(ProjectConfigurationPlatforms) = postSolution
		{8EADF2BE-C02D-4B90-8D85-2ED3EA0C6644}.Debug|Any CPU.ActiveCfg = Debug|Any CPU
		{8EADF2BE-C02D-4B90-8D85-2ED3EA0C6644}.Debug|Any CPU.Build.0 = Debug|Any CPU
		{8EADF2BE-C02D-4B90-8D85-2ED3EA0C6644}.Release|Any CPU.ActiveCfg = Release|Any CPU
		{8EADF2BE-C02D-4B90-8D85-2ED3EA0C6644}.Release|Any CPU.Build.0 = Release|Any CPU
		{D6A59DC8-D8F0-4700-8F60-EA580FB398EE}.Debug|Any CPU.ActiveCfg = Debug|Any CPU
		{D6A59DC8-D8F0-4700-8F60-EA580FB398EE}.Debug|Any CPU.Build.0 = Debug|Any CPU
		{D6A59DC8-D8F0-4700-8F60-EA580FB398EE}.Release|Any CPU.ActiveCfg = Release|Any CPU
		{D6A59DC8-D8F0-4700-8F60-EA580FB398EE}.Release|Any CPU.Build.0 = Release|Any CPU
		{A8807097-3F0E-4158-8386-570A0D866E22}.Debug|Any CPU.ActiveCfg = Debug|Any CPU
		{A8807097-3F0E-4158-8386-570A0D866E22}.Debug|Any CPU.Build.0 = Debug|Any CPU
		{A8807097-3F0E-4158-8386-570A0D866E22}.Release|Any CPU.ActiveCfg = Release|Any CPU
		{A8807097-3F0E-4158-8386-570A0D866E22}.Release|Any CPU.Build.0 = Release|Any CPU
		{79F6AF96-6E00-43C2-BC92-7E894F786E53}.Debug|Any CPU.ActiveCfg = Debug|Any CPU
		{79F6AF96-6E00-43C2-BC92-7E894F786E53}.Debug|Any CPU.Build.0 = Debug|Any CPU
		{79F6AF96-6E00-43C2-BC92-7E894F786E53}.Release|Any CPU.ActiveCfg = Release|Any CPU
		{79F6AF96-6E00-43C2-BC92-7E894F786E53}.Release|Any CPU.Build.0 = Release|Any CPU
		{26798A6B-FDF9-4D77-BA01-3AB927252887}.Debug|Any CPU.ActiveCfg = Debug|Any CPU
		{26798A6B-FDF9-4D77-BA01-3AB927252887}.Debug|Any CPU.Build.0 = Debug|Any CPU
		{26798A6B-FDF9-4D77-BA01-3AB927252887}.Release|Any CPU.ActiveCfg = Release|Any CPU
		{26798A6B-FDF9-4D77-BA01-3AB927252887}.Release|Any CPU.Build.0 = Release|Any CPU
	EndGlobalSection
	GlobalSection(SolutionProperties) = preSolution
		HideSolutionNode = FALSE
	EndGlobalSection
	GlobalSection(ExtensibilityGlobals) = postSolution
		SolutionGuid = {7905ED85-A423-473E-B203-5FACD325C3F4}
	EndGlobalSection
EndGlobal
